// !$*UTF8*$!
{
	archiveVersion = 1;
	classes = {
	};
	objectVersion = 55;
	objects = {

/* Begin PBXBuildFile section */
		B2520A2828BCED71002047B9 /* AppDelegate.swift in Sources */ = {isa = PBXBuildFile; fileRef = B2520A2728BCED71002047B9 /* AppDelegate.swift */; };
		B2520A2A28BCED71002047B9 /* SceneDelegate.swift in Sources */ = {isa = PBXBuildFile; fileRef = B2520A2928BCED71002047B9 /* SceneDelegate.swift */; };
		B2520A2C28BCED71002047B9 /* TableViewVC.swift in Sources */ = {isa = PBXBuildFile; fileRef = B2520A2B28BCED71002047B9 /* TableViewVC.swift */; };
		B2520A2F28BCED71002047B9 /* Main.storyboard in Resources */ = {isa = PBXBuildFile; fileRef = B2520A2D28BCED71002047B9 /* Main.storyboard */; };
		B2520A3128BCED75002047B9 /* Assets.xcassets in Resources */ = {isa = PBXBuildFile; fileRef = B2520A3028BCED75002047B9 /* Assets.xcassets */; };
		B2520A3428BCED75002047B9 /* LaunchScreen.storyboard in Resources */ = {isa = PBXBuildFile; fileRef = B2520A3228BCED75002047B9 /* LaunchScreen.storyboard */; };
		B2520A3E28BCF30D002047B9 /* DetailsVC.swift in Sources */ = {isa = PBXBuildFile; fileRef = B2520A3D28BCF30D002047B9 /* DetailsVC.swift */; };
		B2520A4128BCF348002047B9 /* CellVC.swift in Sources */ = {isa = PBXBuildFile; fileRef = B2520A4028BCF348002047B9 /* CellVC.swift */; };
		B2520A4428BCF75B002047B9 /* Model.swift in Sources */ = {isa = PBXBuildFile; fileRef = B2520A4328BCF75B002047B9 /* Model.swift */; };
		B2B01EE928BF9E9F00282C81 /* WebSevice.swift in Sources */ = {isa = PBXBuildFile; fileRef = B2B01EE828BF9E9F00282C81 /* WebSevice.swift */; };
		B2B01EED28BFA19A00282C81 /* Moya in Frameworks */ = {isa = PBXBuildFile; productRef = B2B01EEC28BFA19A00282C81 /* Moya */; };
		B2B01EF028BFA1BB00282C81 /* SDWebImage in Frameworks */ = {isa = PBXBuildFile; productRef = B2B01EEF28BFA1BB00282C81 /* SDWebImage */; };
		B2B01EF228BFE7B100282C81 /* API.swift in Sources */ = {isa = PBXBuildFile; fileRef = B2B01EF128BFE7B100282C81 /* API.swift */; };
		B2B01EF428BFEA4600282C81 /* NetworManager.swift in Sources */ = {isa = PBXBuildFile; fileRef = B2B01EF328BFEA4600282C81 /* NetworManager.swift */; };
		B2B01EF728BFF3D600282C81 /* SearchModel.swift in Sources */ = {isa = PBXBuildFile; fileRef = B2B01EF628BFF3D600282C81 /* SearchModel.swift */; };
		B2B01EF928BFFE3200282C81 /* ExtentionDetails.swift in Sources */ = {isa = PBXBuildFile; fileRef = B2B01EF828BFFE3200282C81 /* ExtentionDetails.swift */; };
		B2B01EFF28BFFF1200282C81 /* ExtentionTableView.swift in Sources */ = {isa = PBXBuildFile; fileRef = B2B01EFE28BFFF1200282C81 /* ExtentionTableView.swift */; };
/* End PBXBuildFile section */

/* Begin PBXFileReference section */
		B2520A2428BCED71002047B9 /* MovieAppDeneme.app */ = {isa = PBXFileReference; explicitFileType = wrapper.application; includeInIndex = 0; path = MovieAppDeneme.app; sourceTree = BUILT_PRODUCTS_DIR; };
		B2520A2728BCED71002047B9 /* AppDelegate.swift */ = {isa = PBXFileReference; lastKnownFileType = sourcecode.swift; path = AppDelegate.swift; sourceTree = "<group>"; };
		B2520A2928BCED71002047B9 /* SceneDelegate.swift */ = {isa = PBXFileReference; lastKnownFileType = sourcecode.swift; path = SceneDelegate.swift; sourceTree = "<group>"; };
		B2520A2B28BCED71002047B9 /* TableViewVC.swift */ = {isa = PBXFileReference; lastKnownFileType = sourcecode.swift; path = TableViewVC.swift; sourceTree = "<group>"; };
		B2520A2E28BCED71002047B9 /* Base */ = {isa = PBXFileReference; lastKnownFileType = file.storyboard; name = Base; path = Base.lproj/Main.storyboard; sourceTree = "<group>"; };
		B2520A3028BCED75002047B9 /* Assets.xcassets */ = {isa = PBXFileReference; lastKnownFileType = folder.assetcatalog; path = Assets.xcassets; sourceTree = "<group>"; };
		B2520A3328BCED75002047B9 /* Base */ = {isa = PBXFileReference; lastKnownFileType = file.storyboard; name = Base; path = Base.lproj/LaunchScreen.storyboard; sourceTree = "<group>"; };
		B2520A3528BCED75002047B9 /* Info.plist */ = {isa = PBXFileReference; lastKnownFileType = text.plist.xml; path = Info.plist; sourceTree = "<group>"; };
		B2520A3D28BCF30D002047B9 /* DetailsVC.swift */ = {isa = PBXFileReference; lastKnownFileType = sourcecode.swift; path = DetailsVC.swift; sourceTree = "<group>"; };
		B2520A4028BCF348002047B9 /* CellVC.swift */ = {isa = PBXFileReference; lastKnownFileType = sourcecode.swift; path = CellVC.swift; sourceTree = "<group>"; };
		B2520A4328BCF75B002047B9 /* Model.swift */ = {isa = PBXFileReference; lastKnownFileType = sourcecode.swift; path = Model.swift; sourceTree = "<group>"; };
		B2B01EE828BF9E9F00282C81 /* WebSevice.swift */ = {isa = PBXFileReference; lastKnownFileType = sourcecode.swift; path = WebSevice.swift; sourceTree = "<group>"; };
		B2B01EF128BFE7B100282C81 /* API.swift */ = {isa = PBXFileReference; lastKnownFileType = sourcecode.swift; path = API.swift; sourceTree = "<group>"; };
		B2B01EF328BFEA4600282C81 /* NetworManager.swift */ = {isa = PBXFileReference; lastKnownFileType = sourcecode.swift; path = NetworManager.swift; sourceTree = "<group>"; };
		B2B01EF628BFF3D600282C81 /* SearchModel.swift */ = {isa = PBXFileReference; lastKnownFileType = sourcecode.swift; path = SearchModel.swift; sourceTree = "<group>"; };
		B2B01EF828BFFE3200282C81 /* ExtentionDetails.swift */ = {isa = PBXFileReference; lastKnownFileType = sourcecode.swift; path = ExtentionDetails.swift; sourceTree = "<group>"; };
		B2B01EFE28BFFF1200282C81 /* ExtentionTableView.swift */ = {isa = PBXFileReference; lastKnownFileType = sourcecode.swift; path = ExtentionTableView.swift; sourceTree = "<group>"; };
/* End PBXFileReference section */

/* Begin PBXFrameworksBuildPhase section */
		B2520A2128BCED71002047B9 /* Frameworks */ = {
			isa = PBXFrameworksBuildPhase;
			buildActionMask = 2147483647;
			files = (
				B2B01EF028BFA1BB00282C81 /* SDWebImage in Frameworks */,
				B2B01EED28BFA19A00282C81 /* Moya in Frameworks */,
			);
			runOnlyForDeploymentPostprocessing = 0;
		};
/* End PBXFrameworksBuildPhase section */

/* Begin PBXGroup section */
		B2520A1B28BCED71002047B9 = {
			isa = PBXGroup;
			children = (
				B2520A2628BCED71002047B9 /* MovieAppDeneme */,
				B2520A2528BCED71002047B9 /* Products */,
			);
			sourceTree = "<group>";
		};
		B2520A2528BCED71002047B9 /* Products */ = {
			isa = PBXGroup;
			children = (
				B2520A2428BCED71002047B9 /* MovieAppDeneme.app */,
			);
			name = Products;
			sourceTree = "<group>";
		};
		B2520A2628BCED71002047B9 /* MovieAppDeneme */ = {
			isa = PBXGroup;
			children = (
				B2B01EFD28BFFE9400282C81 /* Base */,
				B2520A3B28BCF2AE002047B9 /* App */,
				B2B01EF528BFF37900282C81 /* Model */,
				B2520A4228BCF743002047B9 /* WebService */,
				B2520A3C28BCF2CC002047B9 /* ViewController */,
				B2520A3528BCED75002047B9 /* Info.plist */,
			);
			path = MovieAppDeneme;
			sourceTree = "<group>";
		};
		B2520A3B28BCF2AE002047B9 /* App */ = {
			isa = PBXGroup;
			children = (
				B2520A2728BCED71002047B9 /* AppDelegate.swift */,
				B2520A2928BCED71002047B9 /* SceneDelegate.swift */,
			);
			path = App;
			sourceTree = "<group>";
		};
		B2520A3C28BCF2CC002047B9 /* ViewController */ = {
			isa = PBXGroup;
			children = (
				B2B01EFA28BFFE4400282C81 /* Home */,
				B2B01EFB28BFFE5500282C81 /* Detail */,
				B2B01EFC28BFFE6A00282C81 /* Cell */,
			);
			path = ViewController;
			sourceTree = "<group>";
		};
		B2520A4228BCF743002047B9 /* WebService */ = {
			isa = PBXGroup;
			children = (
				B2B01EE828BF9E9F00282C81 /* WebSevice.swift */,
				B2B01EF128BFE7B100282C81 /* API.swift */,
				B2B01EF328BFEA4600282C81 /* NetworManager.swift */,
			);
			path = WebService;
			sourceTree = "<group>";
		};
		B2B01EF528BFF37900282C81 /* Model */ = {
			isa = PBXGroup;
			children = (
				B2520A4328BCF75B002047B9 /* Model.swift */,
				B2B01EF628BFF3D600282C81 /* SearchModel.swift */,
			);
			path = Model;
			sourceTree = "<group>";
		};
		B2B01EFA28BFFE4400282C81 /* Home */ = {
			isa = PBXGroup;
			children = (
				B2520A2B28BCED71002047B9 /* TableViewVC.swift */,
				B2B01EFE28BFFF1200282C81 /* ExtentionTableView.swift */,
			);
			path = Home;
			sourceTree = "<group>";
		};
		B2B01EFB28BFFE5500282C81 /* Detail */ = {
			isa = PBXGroup;
			children = (
				B2520A3D28BCF30D002047B9 /* DetailsVC.swift */,
				B2B01EF828BFFE3200282C81 /* ExtentionDetails.swift */,
			);
			path = Detail;
			sourceTree = "<group>";
		};
		B2B01EFC28BFFE6A00282C81 /* Cell */ = {
			isa = PBXGroup;
			children = (
				B2520A4028BCF348002047B9 /* CellVC.swift */,
			);
			path = Cell;
			sourceTree = "<group>";
		};
		B2B01EFD28BFFE9400282C81 /* Base */ = {
			isa = PBXGroup;
			children = (
				B2520A3228BCED75002047B9 /* LaunchScreen.storyboard */,
				B2520A3028BCED75002047B9 /* Assets.xcassets */,
				B2520A2D28BCED71002047B9 /* Main.storyboard */,
			);
			path = Base;
			sourceTree = "<group>";
		};
/* End PBXGroup section */

/* Begin PBXNativeTarget section */
		B2520A2328BCED71002047B9 /* MovieAppDeneme */ = {
			isa = PBXNativeTarget;
			buildConfigurationList = B2520A3828BCED75002047B9 /* Build configuration list for PBXNativeTarget "MovieAppDeneme" */;
			buildPhases = (
				B2520A2028BCED71002047B9 /* Sources */,
				B2520A2128BCED71002047B9 /* Frameworks */,
				B2520A2228BCED71002047B9 /* Resources */,
			);
			buildRules = (
			);
			dependencies = (
			);
			name = MovieAppDeneme;
			packageProductDependencies = (
				B2B01EEC28BFA19A00282C81 /* Moya */,
				B2B01EEF28BFA1BB00282C81 /* SDWebImage */,
			);
			productName = MovieAppDeneme;
			productReference = B2520A2428BCED71002047B9 /* MovieAppDeneme.app */;
			productType = "com.apple.product-type.application";
		};
/* End PBXNativeTarget section */

/* Begin PBXProject section */
		B2520A1C28BCED71002047B9 /* Project object */ = {
			isa = PBXProject;
			attributes = {
				BuildIndependentTargetsInParallel = 1;
				LastSwiftUpdateCheck = 1340;
				LastUpgradeCheck = 1340;
				TargetAttributes = {
					B2520A2328BCED71002047B9 = {
						CreatedOnToolsVersion = 13.4.1;
					};
				};
			};
			buildConfigurationList = B2520A1F28BCED71002047B9 /* Build configuration list for PBXProject "MovieAppDeneme" */;
			compatibilityVersion = "Xcode 13.0";
			developmentRegion = en;
			hasScannedForEncodings = 0;
			knownRegions = (
				en,
				Base,
			);
			mainGroup = B2520A1B28BCED71002047B9;
			packageReferences = (
				B2B01EEB28BFA19A00282C81 /* XCRemoteSwiftPackageReference "Moya" */,
				B2B01EEE28BFA1BB00282C81 /* XCRemoteSwiftPackageReference "SDWebImage" */,
			);
			productRefGroup = B2520A2528BCED71002047B9 /* Products */;
			projectDirPath = "";
			projectRoot = "";
			targets = (
				B2520A2328BCED71002047B9 /* MovieAppDeneme */,
			);
		};
/* End PBXProject section */

/* Begin PBXResourcesBuildPhase section */
		B2520A2228BCED71002047B9 /* Resources */ = {
			isa = PBXResourcesBuildPhase;
			buildActionMask = 2147483647;
			files = (
				B2520A3428BCED75002047B9 /* LaunchScreen.storyboard in Resources */,
				B2520A3128BCED75002047B9 /* Assets.xcassets in Resources */,
				B2520A2F28BCED71002047B9 /* Main.storyboard in Resources */,
			);
			runOnlyForDeploymentPostprocessing = 0;
		};
/* End PBXResourcesBuildPhase section */

/* Begin PBXSourcesBuildPhase section */
		B2520A2028BCED71002047B9 /* Sources */ = {
			isa = PBXSourcesBuildPhase;
			buildActionMask = 2147483647;
			files = (
				B2B01EE928BF9E9F00282C81 /* WebSevice.swift in Sources */,
				B2B01EF428BFEA4600282C81 /* NetworManager.swift in Sources */,
				B2520A4128BCF348002047B9 /* CellVC.swift in Sources */,
				B2B01EF928BFFE3200282C81 /* ExtentionDetails.swift in Sources */,
				B2B01EFF28BFFF1200282C81 /* ExtentionTableView.swift in Sources */,
				B2B01EF728BFF3D600282C81 /* SearchModel.swift in Sources */,
				B2520A2C28BCED71002047B9 /* TableViewVC.swift in Sources */,
				B2520A3E28BCF30D002047B9 /* DetailsVC.swift in Sources */,
				B2520A4428BCF75B002047B9 /* Model.swift in Sources */,
				B2520A2828BCED71002047B9 /* AppDelegate.swift in Sources */,
				B2B01EF228BFE7B100282C81 /* API.swift in Sources */,
				B2520A2A28BCED71002047B9 /* SceneDelegate.swift in Sources */,
			);
			runOnlyForDeploymentPostprocessing = 0;
		};
/* End PBXSourcesBuildPhase section */

/* Begin PBXVariantGroup section */
		B2520A2D28BCED71002047B9 /* Main.storyboard */ = {
			isa = PBXVariantGroup;
			children = (
				B2520A2E28BCED71002047B9 /* Base */,
			);
			name = Main.storyboard;
			sourceTree = "<group>";
		};
		B2520A3228BCED75002047B9 /* LaunchScreen.storyboard */ = {
			isa = PBXVariantGroup;
			children = (
				B2520A3328BCED75002047B9 /* Base */,
			);
			name = LaunchScreen.storyboard;
			sourceTree = "<group>";
		};
/* End PBXVariantGroup section */

/* Begin XCBuildConfiguration section */
		B2520A3628BCED75002047B9 /* Debug */ = {
			isa = XCBuildConfiguration;
			buildSettings = {
				ALWAYS_SEARCH_USER_PATHS = NO;
				CLANG_ANALYZER_NONNULL = YES;
				CLANG_ANALYZER_NUMBER_OBJECT_CONVERSION = YES_AGGRESSIVE;
				CLANG_CXX_LANGUAGE_STANDARD = "gnu++17";
				CLANG_ENABLE_MODULES = YES;
				CLANG_ENABLE_OBJC_ARC = YES;
				CLANG_ENABLE_OBJC_WEAK = YES;
				CLANG_WARN_BLOCK_CAPTURE_AUTORELEASING = YES;
				CLANG_WARN_BOOL_CONVERSION = YES;
				CLANG_WARN_COMMA = YES;
				CLANG_WARN_CONSTANT_CONVERSION = YES;
				CLANG_WARN_DEPRECATED_OBJC_IMPLEMENTATIONS = YES;
				CLANG_WARN_DIRECT_OBJC_ISA_USAGE = YES_ERROR;
				CLANG_WARN_DOCUMENTATION_COMMENTS = YES;
				CLANG_WARN_EMPTY_BODY = YES;
				CLANG_WARN_ENUM_CONVERSION = YES;
				CLANG_WARN_INFINITE_RECURSION = YES;
				CLANG_WARN_INT_CONVERSION = YES;
				CLANG_WARN_NON_LITERAL_NULL_CONVERSION = YES;
				CLANG_WARN_OBJC_IMPLICIT_RETAIN_SELF = YES;
				CLANG_WARN_OBJC_LITERAL_CONVERSION = YES;
				CLANG_WARN_OBJC_ROOT_CLASS = YES_ERROR;
				CLANG_WARN_QUOTED_INCLUDE_IN_FRAMEWORK_HEADER = YES;
				CLANG_WARN_RANGE_LOOP_ANALYSIS = YES;
				CLANG_WARN_STRICT_PROTOTYPES = YES;
				CLANG_WARN_SUSPICIOUS_MOVE = YES;
				CLANG_WARN_UNGUARDED_AVAILABILITY = YES_AGGRESSIVE;
				CLANG_WARN_UNREACHABLE_CODE = YES;
				CLANG_WARN__DUPLICATE_METHOD_MATCH = YES;
				COPY_PHASE_STRIP = NO;
				DEBUG_INFORMATION_FORMAT = dwarf;
				ENABLE_STRICT_OBJC_MSGSEND = YES;
				ENABLE_TESTABILITY = YES;
				GCC_C_LANGUAGE_STANDARD = gnu11;
				GCC_DYNAMIC_NO_PIC = NO;
				GCC_NO_COMMON_BLOCKS = YES;
				GCC_OPTIMIZATION_LEVEL = 0;
				GCC_PREPROCESSOR_DEFINITIONS = (
					"DEBUG=1",
					"$(inherited)",
				);
				GCC_WARN_64_TO_32_BIT_CONVERSION = YES;
				GCC_WARN_ABOUT_RETURN_TYPE = YES_ERROR;
				GCC_WARN_UNDECLARED_SELECTOR = YES;
				GCC_WARN_UNINITIALIZED_AUTOS = YES_AGGRESSIVE;
				GCC_WARN_UNUSED_FUNCTION = YES;
				GCC_WARN_UNUSED_VARIABLE = YES;
				IPHONEOS_DEPLOYMENT_TARGET = 15.5;
				MTL_ENABLE_DEBUG_INFO = INCLUDE_SOURCE;
				MTL_FAST_MATH = YES;
				ONLY_ACTIVE_ARCH = YES;
				SDKROOT = iphoneos;
				SWIFT_ACTIVE_COMPILATION_CONDITIONS = DEBUG;
				SWIFT_OPTIMIZATION_LEVEL = "-Onone";
			};
			name = Debug;
		};
		B2520A3728BCED75002047B9 /* Release */ = {
			isa = XCBuildConfiguration;
			buildSettings = {
				ALWAYS_SEARCH_USER_PATHS = NO;
				CLANG_ANALYZER_NONNULL = YES;
				CLANG_ANALYZER_NUMBER_OBJECT_CONVERSION = YES_AGGRESSIVE;
				CLANG_CXX_LANGUAGE_STANDARD = "gnu++17";
				CLANG_ENABLE_MODULES = YES;
				CLANG_ENABLE_OBJC_ARC = YES;
				CLANG_ENABLE_OBJC_WEAK = YES;
				CLANG_WARN_BLOCK_CAPTURE_AUTORELEASING = YES;
				CLANG_WARN_BOOL_CONVERSION = YES;
				CLANG_WARN_COMMA = YES;
				CLANG_WARN_CONSTANT_CONVERSION = YES;
				CLANG_WARN_DEPRECATED_OBJC_IMPLEMENTATIONS = YES;
				CLANG_WARN_DIRECT_OBJC_ISA_USAGE = YES_ERROR;
				CLANG_WARN_DOCUMENTATION_COMMENTS = YES;
				CLANG_WARN_EMPTY_BODY = YES;
				CLANG_WARN_ENUM_CONVERSION = YES;
				CLANG_WARN_INFINITE_RECURSION = YES;
				CLANG_WARN_INT_CONVERSION = YES;
				CLANG_WARN_NON_LITERAL_NULL_CONVERSION = YES;
				CLANG_WARN_OBJC_IMPLICIT_RETAIN_SELF = YES;
				CLANG_WARN_OBJC_LITERAL_CONVERSION = YES;
				CLANG_WARN_OBJC_ROOT_CLASS = YES_ERROR;
				CLANG_WARN_QUOTED_INCLUDE_IN_FRAMEWORK_HEADER = YES;
				CLANG_WARN_RANGE_LOOP_ANALYSIS = YES;
				CLANG_WARN_STRICT_PROTOTYPES = YES;
				CLANG_WARN_SUSPICIOUS_MOVE = YES;
				CLANG_WARN_UNGUARDED_AVAILABILITY = YES_AGGRESSIVE;
				CLANG_WARN_UNREACHABLE_CODE = YES;
				CLANG_WARN__DUPLICATE_METHOD_MATCH = YES;
				COPY_PHASE_STRIP = NO;
				DEBUG_INFORMATION_FORMAT = "dwarf-with-dsym";
				ENABLE_NS_ASSERTIONS = NO;
				ENABLE_STRICT_OBJC_MSGSEND = YES;
				GCC_C_LANGUAGE_STANDARD = gnu11;
				GCC_NO_COMMON_BLOCKS = YES;
				GCC_WARN_64_TO_32_BIT_CONVERSION = YES;
				GCC_WARN_ABOUT_RETURN_TYPE = YES_ERROR;
				GCC_WARN_UNDECLARED_SELECTOR = YES;
				GCC_WARN_UNINITIALIZED_AUTOS = YES_AGGRESSIVE;
				GCC_WARN_UNUSED_FUNCTION = YES;
				GCC_WARN_UNUSED_VARIABLE = YES;
				IPHONEOS_DEPLOYMENT_TARGET = 15.5;
				MTL_ENABLE_DEBUG_INFO = NO;
				MTL_FAST_MATH = YES;
				SDKROOT = iphoneos;
				SWIFT_COMPILATION_MODE = wholemodule;
				SWIFT_OPTIMIZATION_LEVEL = "-O";
				VALIDATE_PRODUCT = YES;
			};
			name = Release;
		};
		B2520A3928BCED75002047B9 /* Debug */ = {
			isa = XCBuildConfiguration;
			buildSettings = {
				ASSETCATALOG_COMPILER_APPICON_NAME = AppIcon;
				ASSETCATALOG_COMPILER_GLOBAL_ACCENT_COLOR_NAME = AccentColor;
				CODE_SIGN_STYLE = Automatic;
				CURRENT_PROJECT_VERSION = 1;
				DEVELOPMENT_TEAM = 44MZ84GM49;
				GENERATE_INFOPLIST_FILE = YES;
				INFOPLIST_FILE = MovieAppDeneme/Info.plist;
				INFOPLIST_KEY_UIApplicationSupportsIndirectInputEvents = YES;
				INFOPLIST_KEY_UILaunchStoryboardName = LaunchScreen;
				INFOPLIST_KEY_UIMainStoryboardFile = Main;
				INFOPLIST_KEY_UISupportedInterfaceOrientations_iPad = "UIInterfaceOrientationPortrait UIInterfaceOrientationPortraitUpsideDown UIInterfaceOrientationLandscapeLeft UIInterfaceOrientationLandscapeRight";
				INFOPLIST_KEY_UISupportedInterfaceOrientations_iPhone = "UIInterfaceOrientationPortrait UIInterfaceOrientationLandscapeLeft UIInterfaceOrientationLandscapeRight";
				LD_RUNPATH_SEARCH_PATHS = (
					"$(inherited)",
					"@executable_path/Frameworks",
				);
				MARKETING_VERSION = 1.0;
				PRODUCT_BUNDLE_IDENTIFIER = com.mehmetcansimsek.MovieAppDeneme;
				PRODUCT_NAME = "$(TARGET_NAME)";
				SWIFT_EMIT_LOC_STRINGS = YES;
				SWIFT_VERSION = 5.0;
				TARGETED_DEVICE_FAMILY = "1,2";
			};
			name = Debug;
		};
		B2520A3A28BCED75002047B9 /* Release */ = {
			isa = XCBuildConfiguration;
			buildSettings = {
				ASSETCATALOG_COMPILER_APPICON_NAME = AppIcon;
				ASSETCATALOG_COMPILER_GLOBAL_ACCENT_COLOR_NAME = AccentColor;
				CODE_SIGN_STYLE = Automatic;
				CURRENT_PROJECT_VERSION = 1;
				DEVELOPMENT_TEAM = 44MZ84GM49;
				GENERATE_INFOPLIST_FILE = YES;
				INFOPLIST_FILE = MovieAppDeneme/Info.plist;
				INFOPLIST_KEY_UIApplicationSupportsIndirectInputEvents = YES;
				INFOPLIST_KEY_UILaunchStoryboardName = LaunchScreen;
				INFOPLIST_KEY_UIMainStoryboardFile = Main;
				INFOPLIST_KEY_UISupportedInterfaceOrientations_iPad = "UIInterfaceOrientationPortrait UIInterfaceOrientationPortraitUpsideDown UIInterfaceOrientationLandscapeLeft UIInterfaceOrientationLandscapeRight";
				INFOPLIST_KEY_UISupportedInterfaceOrientations_iPhone = "UIInterfaceOrientationPortrait UIInterfaceOrientationLandscapeLeft UIInterfaceOrientationLandscapeRight";
				LD_RUNPATH_SEARCH_PATHS = (
					"$(inherited)",
					"@executable_path/Frameworks",
				);
				MARKETING_VERSION = 1.0;
				PRODUCT_BUNDLE_IDENTIFIER = com.mehmetcansimsek.MovieAppDeneme;
				PRODUCT_NAME = "$(TARGET_NAME)";
				SWIFT_EMIT_LOC_STRINGS = YES;
				SWIFT_VERSION = 5.0;
				TARGETED_DEVICE_FAMILY = "1,2";
			};
			name = Release;
		};
/* End XCBuildConfiguration section */

/* Begin XCConfigurationList section */
		B2520A1F28BCED71002047B9 /* Build configuration list for PBXProject "MovieAppDeneme" */ = {
			isa = XCConfigurationList;
			buildConfigurations = (
				B2520A3628BCED75002047B9 /* Debug */,
				B2520A3728BCED75002047B9 /* Release */,
			);
			defaultConfigurationIsVisible = 0;
			defaultConfigurationName = Release;
		};
		B2520A3828BCED75002047B9 /* Build configuration list for PBXNativeTarget "MovieAppDeneme" */ = {
			isa = XCConfigurationList;
			buildConfigurations = (
				B2520A3928BCED75002047B9 /* Debug */,
				B2520A3A28BCED75002047B9 /* Release */,
			);
			defaultConfigurationIsVisible = 0;
			defaultConfigurationName = Release;
		};
/* End XCConfigurationList section */

/* Begin XCRemoteSwiftPackageReference section */
		B2B01EEB28BFA19A00282C81 /* XCRemoteSwiftPackageReference "Moya" */ = {
			isa = XCRemoteSwiftPackageReference;
			repositoryURL = "https://github.com/Moya/Moya";
			requirement = {
				branch = master;
				kind = branch;
			};
		};
		B2B01EEE28BFA1BB00282C81 /* XCRemoteSwiftPackageReference "SDWebImage" */ = {
			isa = XCRemoteSwiftPackageReference;
			repositoryURL = "https://github.com/SDWebImage/SDWebImage";
			requirement = {
				branch = master;
				kind = branch;
			};
		};
/* End XCRemoteSwiftPackageReference section */

/* Begin XCSwiftPackageProductDependency section */
		B2B01EEC28BFA19A00282C81 /* Moya */ = {
			isa = XCSwiftPackageProductDependency;
			package = B2B01EEB28BFA19A00282C81 /* XCRemoteSwiftPackageReference "Moya" */;
			productName = Moya;
		};
		B2B01EEF28BFA1BB00282C81 /* SDWebImage */ = {
			isa = XCSwiftPackageProductDependency;
			package = B2B01EEE28BFA1BB00282C81 /* XCRemoteSwiftPackageReference "SDWebImage" */;
			productName = SDWebImage;
		};
/* End XCSwiftPackageProductDependency section */
	};
	rootObject = B2520A1C28BCED71002047B9 /* Project object */;
}
